# THIS IS AN AUTOGENERATED FILE. DO NOT EDIT THIS FILE DIRECTLY.
# yarn lockfile v1


hooks@^0.3.2:
  version "0.3.2"
  resolved "https://registry.yarnpkg.com/hooks/-/hooks-0.3.2.tgz#a31f060c2026cea6cf1ca3eb178430e718e1c4a3"
  integrity sha1-ox8GDCAmzqbPHKPrF4Qw5xjhxKM=

react-hooks@^1.0.1:
  version "1.0.1"
  resolved "https://registry.yarnpkg.com/react-hooks/-/react-hooks-1.0.1.tgz#e62197c38cd8d0703060f791234f7f4698aa7c44"
  integrity sha1-5iGXw4zY0HAwYPeRI09/RpiqfEQ=
